
Microsoft Visual Studio Solution File, Format Version 12.00
# Visual Studio Version 17
VisualStudioVersion = 17.6.33801.468
MinimumVisualStudioVersion = 10.0.40219.1
Project("{FAE04EC0-301F-11D3-BF4B-00C04F79EFBC}") = "AdapterTask1", "AdapterTask1\AdapterTask1.csproj", "{28086B3D-BAA9-4BA2-A9E2-191A16D117FB}"
EndProject
Global
	GlobalSection(SolutionConfigurationPlatforms) = preSolution
		Debug|Any CPU = Debug|Any CPU
		Release|Any CPU = Release|Any CPU
	EndGlobalSection
	GlobalSection(ProjectConfigurationPlatforms) = postSolution
		{28086B3D-BAA9-4BA2-A9E2-191A16D117FB}.Debug|Any CPU.ActiveCfg = Debug|Any CPU
		{28086B3D-BAA9-4BA2-A9E2-191A16D117FB}.Debug|Any CPU.Build.0 = Debug|Any CPU
		{28086B3D-BAA9-4BA2-A9E2-191A16D117FB}.Release|Any CPU.ActiveCfg = Release|Any CPU
		{28086B3D-BAA9-4BA2-A9E2-191A16D117FB}.Release|Any CPU.Build.0 = Release|Any CPU
	EndGlobalSection
	GlobalSection(SolutionProperties) = preSolution
		HideSolutionNode = FALSE
	EndGlobalSection
	GlobalSection(ExtensibilityGlobals) = postSolution
		SolutionGuid = {4A79C816-1848-4393-9A17-873232FDB506}
	EndGlobalSection
EndGlobal
